
Microsoft Visual Studio Solution File, Format Version 12.00
# Visual Studio 14
VisualStudioVersion = 14.0.22823.1
MinimumVisualStudioVersion = 10.0.40219.1
Project("{FAE04EC0-301F-11D3-BF4B-00C04F79EFBC}") = "Artemis_Unity5", "Artemis_Unity5.csproj", "{7D95C5FB-0A33-4EB0-A7B8-3925A79835D1}"
EndProject
Project("{FAE04EC0-301F-11D3-BF4B-00C04F79EFBC}") = "ArtemisUnity5UnitTests", "ArtemisUnity5UnitTests.csproj", "{4D1A5323-E021-4C6E-ABDC-9070BD81DFCB}"
	ProjectSection(ProjectDependencies) = postProject
		{7D95C5FB-0A33-4EB0-A7B8-3925A79835D1} = {7D95C5FB-0A33-4EB0-A7B8-3925A79835D1}
	EndProjectSection
EndProject
Global
	GlobalSection(SolutionConfigurationPlatforms) = preSolution
		Debug|Any CPU = Debug|Any CPU
		Release|Any CPU = Release|Any CPU
	EndGlobalSection
	GlobalSection(ProjectConfigurationPlatforms) = postSolution
		{7D95C5FB-0A33-4EB0-A7B8-3925A79835D1}.Debug|Any CPU.ActiveCfg = Debug|Any CPU
		{7D95C5FB-0A33-4EB0-A7B8-3925A79835D1}.Debug|Any CPU.Build.0 = Debug|Any CPU
		{7D95C5FB-0A33-4EB0-A7B8-3925A79835D1}.Release|Any CPU.ActiveCfg = Release|Any CPU
		{7D95C5FB-0A33-4EB0-A7B8-3925A79835D1}.Release|Any CPU.Build.0 = Release|Any CPU
		{4D1A5323-E021-4C6E-ABDC-9070BD81DFCB}.Debug|Any CPU.ActiveCfg = Debug|Any CPU
		{4D1A5323-E021-4C6E-ABDC-9070BD81DFCB}.Debug|Any CPU.Build.0 = Debug|Any CPU
		{4D1A5323-E021-4C6E-ABDC-9070BD81DFCB}.Release|Any CPU.ActiveCfg = Release|Any CPU
		{4D1A5323-E021-4C6E-ABDC-9070BD81DFCB}.Release|Any CPU.Build.0 = Release|Any CPU
	EndGlobalSection
	GlobalSection(SolutionProperties) = preSolution
		HideSolutionNode = FALSE
	EndGlobalSection
EndGlobal
