
Microsoft Visual Studio Solution File, Format Version 11.00
# Visual Studio 2010
Project("{FAE04EC0-301F-11D3-BF4B-00C04F79EFBC}") = "Artemis_MonoDroid", "Artemis_MonoDroid.csproj", "{753637FE-545E-4A9D-8344-CE0BD239EF8D}"
EndProject
Global
	GlobalSection(SolutionConfigurationPlatforms) = preSolution
		Debug|Any CPU = Debug|Any CPU
		Release|Any CPU = Release|Any CPU
	EndGlobalSection
	GlobalSection(ProjectConfigurationPlatforms) = postSolution
		{753637FE-545E-4A9D-8344-CE0BD239EF8D}.Debug|Any CPU.ActiveCfg = Debug|Any CPU
		{753637FE-545E-4A9D-8344-CE0BD239EF8D}.Debug|Any CPU.Build.0 = Debug|Any CPU
		{753637FE-545E-4A9D-8344-CE0BD239EF8D}.Release|Any CPU.ActiveCfg = Release|Any CPU
		{753637FE-545E-4A9D-8344-CE0BD239EF8D}.Release|Any CPU.Build.0 = Release|Any CPU
	EndGlobalSection
	GlobalSection(MonoDevelopProperties) = preSolution
		StartupItem = Artemis_MonoDroid.csproj
	EndGlobalSection
EndGlobal
