
Microsoft Visual Studio Solution File, Format Version 13.00
# Visual Studio 2012
Project("{FAE04EC0-301F-11D3-BF4B-00C04F79EFBC}") = "ArtemisWS", "Artemis_WindowsStore\ArtemisWS.csproj", "{462418AB-8B59-42C2-ADE4-956F94B31768}"
EndProject
Project("{FAE04EC0-301F-11D3-BF4B-00C04F79EFBC}") = "Artemis_W8Portable", "Artemis_W8Portable\Artemis_W8Portable.csproj", "{4B7CB7D1-DFE2-4FCD-BAA0-F743B7ACCEF4}"
EndProject
Project("{FAE04EC0-301F-11D3-BF4B-00C04F79EFBC}") = "Artemis_UnitTestsW8Portable", "Artemis_UnitTests\Artemis_UnitTestsW8Portable.csproj", "{7E590B36-02CD-415A-B920-69E6D96300C8}"
EndProject
Project("{FAE04EC0-301F-11D3-BF4B-00C04F79EFBC}") = "Artemis_UnitTestsWS", "Artemis_UnitTests\Artemis_UnitTestsWS.csproj", "{62F4F38B-B899-43CF-BC92-1505D80F8B19}"
EndProject
Global
	GlobalSection(SolutionConfigurationPlatforms) = preSolution
		Debug|Any CPU = Debug|Any CPU
		Debug|ARM = Debug|ARM
		Debug|Mixed Platforms = Debug|Mixed Platforms
		Debug|x64 = Debug|x64
		Debug|x86 = Debug|x86
		Release|Any CPU = Release|Any CPU
		Release|ARM = Release|ARM
		Release|Mixed Platforms = Release|Mixed Platforms
		Release|x64 = Release|x64
		Release|x86 = Release|x86
	EndGlobalSection
	GlobalSection(ProjectConfigurationPlatforms) = postSolution
		{462418AB-8B59-42C2-ADE4-956F94B31768}.Debug|Any CPU.ActiveCfg = Debug|Any CPU
		{462418AB-8B59-42C2-ADE4-956F94B31768}.Debug|Any CPU.Build.0 = Debug|Any CPU
		{462418AB-8B59-42C2-ADE4-956F94B31768}.Debug|ARM.ActiveCfg = Debug|ARM
		{462418AB-8B59-42C2-ADE4-956F94B31768}.Debug|ARM.Build.0 = Debug|ARM
		{462418AB-8B59-42C2-ADE4-956F94B31768}.Debug|Mixed Platforms.ActiveCfg = Debug|x86
		{462418AB-8B59-42C2-ADE4-956F94B31768}.Debug|Mixed Platforms.Build.0 = Debug|x86
		{462418AB-8B59-42C2-ADE4-956F94B31768}.Debug|x64.ActiveCfg = Debug|x64
		{462418AB-8B59-42C2-ADE4-956F94B31768}.Debug|x64.Build.0 = Debug|x64
		{462418AB-8B59-42C2-ADE4-956F94B31768}.Debug|x86.ActiveCfg = Debug|x86
		{462418AB-8B59-42C2-ADE4-956F94B31768}.Debug|x86.Build.0 = Debug|x86
		{462418AB-8B59-42C2-ADE4-956F94B31768}.Release|Any CPU.ActiveCfg = Release|Any CPU
		{462418AB-8B59-42C2-ADE4-956F94B31768}.Release|Any CPU.Build.0 = Release|Any CPU
		{462418AB-8B59-42C2-ADE4-956F94B31768}.Release|ARM.ActiveCfg = Release|ARM
		{462418AB-8B59-42C2-ADE4-956F94B31768}.Release|ARM.Build.0 = Release|ARM
		{462418AB-8B59-42C2-ADE4-956F94B31768}.Release|Mixed Platforms.ActiveCfg = Release|x86
		{462418AB-8B59-42C2-ADE4-956F94B31768}.Release|Mixed Platforms.Build.0 = Release|x86
		{462418AB-8B59-42C2-ADE4-956F94B31768}.Release|x64.ActiveCfg = Release|x64
		{462418AB-8B59-42C2-ADE4-956F94B31768}.Release|x64.Build.0 = Release|x64
		{462418AB-8B59-42C2-ADE4-956F94B31768}.Release|x86.ActiveCfg = Release|x86
		{462418AB-8B59-42C2-ADE4-956F94B31768}.Release|x86.Build.0 = Release|x86
		{4B7CB7D1-DFE2-4FCD-BAA0-F743B7ACCEF4}.Debug|Any CPU.ActiveCfg = Debug|Any CPU
		{4B7CB7D1-DFE2-4FCD-BAA0-F743B7ACCEF4}.Debug|Any CPU.Build.0 = Debug|Any CPU
		{4B7CB7D1-DFE2-4FCD-BAA0-F743B7ACCEF4}.Debug|ARM.ActiveCfg = Debug|Any CPU
		{4B7CB7D1-DFE2-4FCD-BAA0-F743B7ACCEF4}.Debug|Mixed Platforms.ActiveCfg = Debug|Any CPU
		{4B7CB7D1-DFE2-4FCD-BAA0-F743B7ACCEF4}.Debug|Mixed Platforms.Build.0 = Debug|Any CPU
		{4B7CB7D1-DFE2-4FCD-BAA0-F743B7ACCEF4}.Debug|x64.ActiveCfg = Debug|Any CPU
		{4B7CB7D1-DFE2-4FCD-BAA0-F743B7ACCEF4}.Debug|x86.ActiveCfg = Debug|Any CPU
		{4B7CB7D1-DFE2-4FCD-BAA0-F743B7ACCEF4}.Release|Any CPU.ActiveCfg = Release|Any CPU
		{4B7CB7D1-DFE2-4FCD-BAA0-F743B7ACCEF4}.Release|Any CPU.Build.0 = Release|Any CPU
		{4B7CB7D1-DFE2-4FCD-BAA0-F743B7ACCEF4}.Release|ARM.ActiveCfg = Release|Any CPU
		{4B7CB7D1-DFE2-4FCD-BAA0-F743B7ACCEF4}.Release|Mixed Platforms.ActiveCfg = Release|Any CPU
		{4B7CB7D1-DFE2-4FCD-BAA0-F743B7ACCEF4}.Release|Mixed Platforms.Build.0 = Release|Any CPU
		{4B7CB7D1-DFE2-4FCD-BAA0-F743B7ACCEF4}.Release|x64.ActiveCfg = Release|Any CPU
		{4B7CB7D1-DFE2-4FCD-BAA0-F743B7ACCEF4}.Release|x86.ActiveCfg = Release|Any CPU
		{7E590B36-02CD-415A-B920-69E6D96300C8}.Debug|Any CPU.ActiveCfg = Debug|x86
		{7E590B36-02CD-415A-B920-69E6D96300C8}.Debug|ARM.ActiveCfg = Debug|x86
		{7E590B36-02CD-415A-B920-69E6D96300C8}.Debug|Mixed Platforms.ActiveCfg = Debug|x86
		{7E590B36-02CD-415A-B920-69E6D96300C8}.Debug|Mixed Platforms.Build.0 = Debug|x86
		{7E590B36-02CD-415A-B920-69E6D96300C8}.Debug|x64.ActiveCfg = Debug|x86
		{7E590B36-02CD-415A-B920-69E6D96300C8}.Debug|x86.ActiveCfg = Debug|x86
		{7E590B36-02CD-415A-B920-69E6D96300C8}.Debug|x86.Build.0 = Debug|x86
		{7E590B36-02CD-415A-B920-69E6D96300C8}.Release|Any CPU.ActiveCfg = Release|x86
		{7E590B36-02CD-415A-B920-69E6D96300C8}.Release|ARM.ActiveCfg = Release|x86
		{7E590B36-02CD-415A-B920-69E6D96300C8}.Release|Mixed Platforms.ActiveCfg = Release|x86
		{7E590B36-02CD-415A-B920-69E6D96300C8}.Release|Mixed Platforms.Build.0 = Release|x86
		{7E590B36-02CD-415A-B920-69E6D96300C8}.Release|x64.ActiveCfg = Release|x86
		{7E590B36-02CD-415A-B920-69E6D96300C8}.Release|x86.ActiveCfg = Release|x86
		{7E590B36-02CD-415A-B920-69E6D96300C8}.Release|x86.Build.0 = Release|x86
		{62F4F38B-B899-43CF-BC92-1505D80F8B19}.Debug|Any CPU.ActiveCfg = Debug|Any CPU
		{62F4F38B-B899-43CF-BC92-1505D80F8B19}.Debug|Any CPU.Build.0 = Debug|Any CPU
		{62F4F38B-B899-43CF-BC92-1505D80F8B19}.Debug|Any CPU.Deploy.0 = Debug|Any CPU
		{62F4F38B-B899-43CF-BC92-1505D80F8B19}.Debug|ARM.ActiveCfg = Debug|ARM
		{62F4F38B-B899-43CF-BC92-1505D80F8B19}.Debug|ARM.Build.0 = Debug|ARM
		{62F4F38B-B899-43CF-BC92-1505D80F8B19}.Debug|ARM.Deploy.0 = Debug|ARM
		{62F4F38B-B899-43CF-BC92-1505D80F8B19}.Debug|Mixed Platforms.ActiveCfg = Debug|x86
		{62F4F38B-B899-43CF-BC92-1505D80F8B19}.Debug|Mixed Platforms.Build.0 = Debug|x86
		{62F4F38B-B899-43CF-BC92-1505D80F8B19}.Debug|Mixed Platforms.Deploy.0 = Debug|x86
		{62F4F38B-B899-43CF-BC92-1505D80F8B19}.Debug|x64.ActiveCfg = Debug|x64
		{62F4F38B-B899-43CF-BC92-1505D80F8B19}.Debug|x64.Build.0 = Debug|x64
		{62F4F38B-B899-43CF-BC92-1505D80F8B19}.Debug|x64.Deploy.0 = Debug|x64
		{62F4F38B-B899-43CF-BC92-1505D80F8B19}.Debug|x86.ActiveCfg = Debug|x86
		{62F4F38B-B899-43CF-BC92-1505D80F8B19}.Debug|x86.Build.0 = Debug|x86
		{62F4F38B-B899-43CF-BC92-1505D80F8B19}.Debug|x86.Deploy.0 = Debug|x86
		{62F4F38B-B899-43CF-BC92-1505D80F8B19}.Release|Any CPU.ActiveCfg = Release|Any CPU
		{62F4F38B-B899-43CF-BC92-1505D80F8B19}.Release|Any CPU.Build.0 = Release|Any CPU
		{62F4F38B-B899-43CF-BC92-1505D80F8B19}.Release|Any CPU.Deploy.0 = Release|Any CPU
		{62F4F38B-B899-43CF-BC92-1505D80F8B19}.Release|ARM.ActiveCfg = Release|ARM
		{62F4F38B-B899-43CF-BC92-1505D80F8B19}.Release|ARM.Build.0 = Release|ARM
		{62F4F38B-B899-43CF-BC92-1505D80F8B19}.Release|ARM.Deploy.0 = Release|ARM
		{62F4F38B-B899-43CF-BC92-1505D80F8B19}.Release|Mixed Platforms.ActiveCfg = Release|x86
		{62F4F38B-B899-43CF-BC92-1505D80F8B19}.Release|Mixed Platforms.Build.0 = Release|x86
		{62F4F38B-B899-43CF-BC92-1505D80F8B19}.Release|Mixed Platforms.Deploy.0 = Release|x86
		{62F4F38B-B899-43CF-BC92-1505D80F8B19}.Release|x64.ActiveCfg = Release|x64
		{62F4F38B-B899-43CF-BC92-1505D80F8B19}.Release|x64.Build.0 = Release|x64
		{62F4F38B-B899-43CF-BC92-1505D80F8B19}.Release|x64.Deploy.0 = Release|x64
		{62F4F38B-B899-43CF-BC92-1505D80F8B19}.Release|x86.ActiveCfg = Release|x86
		{62F4F38B-B899-43CF-BC92-1505D80F8B19}.Release|x86.Build.0 = Release|x86
		{62F4F38B-B899-43CF-BC92-1505D80F8B19}.Release|x86.Deploy.0 = Release|x86
	EndGlobalSection
	GlobalSection(SolutionProperties) = preSolution
		HideSolutionNode = FALSE
	EndGlobalSection
	GlobalSection(MonoDevelopProperties) = preSolution
		StartupItem = Artemis_XNA_INDEPENDENT\Artemis.csproj
	EndGlobalSection
EndGlobal
