
Microsoft Visual Studio Solution File, Format Version 13.00
# Visual Studio 2012
Project("{FAE04EC0-301F-11D3-BF4B-00C04F79EFBC}") = "Artemis", "Artemis_XNA_INDEPENDENT\Artemis.csproj", "{22C89AF2-E1CF-4976-91B9-7D33773DC6E7}"
EndProject
Project("{FAE04EC0-301F-11D3-BF4B-00C04F79EFBC}") = "Artemis_UnitTests", "Artemis_UnitTests\Artemis_UnitTests.csproj", "{7E590B36-02CD-415A-B920-69E6D96300C8}"
EndProject
Project("{FAE04EC0-301F-11D3-BF4B-00C04F79EFBC}") = "Artemis_UnitTestsLimited", "Artemis_UnitTests\Artemis_UnitTestsLimited.csproj", "{7C6583CD-712E-40F9-B7DE-1F25E242B23F}"
EndProject
Project("{FAE04EC0-301F-11D3-BF4B-00C04F79EFBC}") = "ArtemisClientProfile", "Artemis_XNA_INDEPENDENT\ArtemisClientProfile.csproj", "{160F0A31-20A5-44C2-A677-4642AD84388C}"
EndProject
Global
	GlobalSection(SolutionConfigurationPlatforms) = preSolution
		Debug|Any CPU = Debug|Any CPU
		Debug|Mixed Platforms = Debug|Mixed Platforms
		Debug|x86 = Debug|x86
		Release|Any CPU = Release|Any CPU
		Release|Mixed Platforms = Release|Mixed Platforms
		Release|x86 = Release|x86
	EndGlobalSection
	GlobalSection(ProjectConfigurationPlatforms) = postSolution
		{22C89AF2-E1CF-4976-91B9-7D33773DC6E7}.Debug|Any CPU.ActiveCfg = Debug|x86
		{22C89AF2-E1CF-4976-91B9-7D33773DC6E7}.Debug|Any CPU.Build.0 = Debug|x86
		{22C89AF2-E1CF-4976-91B9-7D33773DC6E7}.Debug|Mixed Platforms.ActiveCfg = Debug|x86
		{22C89AF2-E1CF-4976-91B9-7D33773DC6E7}.Debug|Mixed Platforms.Build.0 = Debug|x86
		{22C89AF2-E1CF-4976-91B9-7D33773DC6E7}.Debug|x86.ActiveCfg = Debug|x86
		{22C89AF2-E1CF-4976-91B9-7D33773DC6E7}.Debug|x86.Build.0 = Debug|x86
		{22C89AF2-E1CF-4976-91B9-7D33773DC6E7}.Release|Any CPU.ActiveCfg = Release|x86
		{22C89AF2-E1CF-4976-91B9-7D33773DC6E7}.Release|Any CPU.Build.0 = Release|x86
		{22C89AF2-E1CF-4976-91B9-7D33773DC6E7}.Release|Mixed Platforms.ActiveCfg = Release|x86
		{22C89AF2-E1CF-4976-91B9-7D33773DC6E7}.Release|Mixed Platforms.Build.0 = Release|x86
		{22C89AF2-E1CF-4976-91B9-7D33773DC6E7}.Release|x86.ActiveCfg = Release|x86
		{22C89AF2-E1CF-4976-91B9-7D33773DC6E7}.Release|x86.Build.0 = Release|x86
		{7E590B36-02CD-415A-B920-69E6D96300C8}.Debug|Any CPU.ActiveCfg = Debug|x86
		{7E590B36-02CD-415A-B920-69E6D96300C8}.Debug|Mixed Platforms.ActiveCfg = Debug|x86
		{7E590B36-02CD-415A-B920-69E6D96300C8}.Debug|Mixed Platforms.Build.0 = Debug|x86
		{7E590B36-02CD-415A-B920-69E6D96300C8}.Debug|x86.ActiveCfg = Debug|x86
		{7E590B36-02CD-415A-B920-69E6D96300C8}.Debug|x86.Build.0 = Debug|x86
		{7E590B36-02CD-415A-B920-69E6D96300C8}.Release|Any CPU.ActiveCfg = Release|x86
		{7E590B36-02CD-415A-B920-69E6D96300C8}.Release|Mixed Platforms.ActiveCfg = Release|x86
		{7E590B36-02CD-415A-B920-69E6D96300C8}.Release|Mixed Platforms.Build.0 = Release|x86
		{7E590B36-02CD-415A-B920-69E6D96300C8}.Release|x86.ActiveCfg = Release|x86
		{7E590B36-02CD-415A-B920-69E6D96300C8}.Release|x86.Build.0 = Release|x86
		{7C6583CD-712E-40F9-B7DE-1F25E242B23F}.Debug|Any CPU.ActiveCfg = Debug|x86
		{7C6583CD-712E-40F9-B7DE-1F25E242B23F}.Debug|Mixed Platforms.ActiveCfg = Debug|x86
		{7C6583CD-712E-40F9-B7DE-1F25E242B23F}.Debug|Mixed Platforms.Build.0 = Debug|x86
		{7C6583CD-712E-40F9-B7DE-1F25E242B23F}.Debug|x86.ActiveCfg = Debug|x86
		{7C6583CD-712E-40F9-B7DE-1F25E242B23F}.Debug|x86.Build.0 = Debug|x86
		{7C6583CD-712E-40F9-B7DE-1F25E242B23F}.Release|Any CPU.ActiveCfg = Release|x86
		{7C6583CD-712E-40F9-B7DE-1F25E242B23F}.Release|Mixed Platforms.ActiveCfg = Release|x86
		{7C6583CD-712E-40F9-B7DE-1F25E242B23F}.Release|Mixed Platforms.Build.0 = Release|x86
		{7C6583CD-712E-40F9-B7DE-1F25E242B23F}.Release|x86.ActiveCfg = Release|x86
		{7C6583CD-712E-40F9-B7DE-1F25E242B23F}.Release|x86.Build.0 = Release|x86
		{160F0A31-20A5-44C2-A677-4642AD84388C}.Debug|Any CPU.ActiveCfg = Debug|x86
		{160F0A31-20A5-44C2-A677-4642AD84388C}.Debug|Mixed Platforms.ActiveCfg = Debug|x86
		{160F0A31-20A5-44C2-A677-4642AD84388C}.Debug|Mixed Platforms.Build.0 = Debug|x86
		{160F0A31-20A5-44C2-A677-4642AD84388C}.Debug|x86.ActiveCfg = Debug|x86
		{160F0A31-20A5-44C2-A677-4642AD84388C}.Debug|x86.Build.0 = Debug|x86
		{160F0A31-20A5-44C2-A677-4642AD84388C}.Release|Any CPU.ActiveCfg = Release|x86
		{160F0A31-20A5-44C2-A677-4642AD84388C}.Release|Mixed Platforms.ActiveCfg = Release|x86
		{160F0A31-20A5-44C2-A677-4642AD84388C}.Release|Mixed Platforms.Build.0 = Release|x86
		{160F0A31-20A5-44C2-A677-4642AD84388C}.Release|x86.ActiveCfg = Release|x86
		{160F0A31-20A5-44C2-A677-4642AD84388C}.Release|x86.Build.0 = Release|x86
	EndGlobalSection
	GlobalSection(SolutionProperties) = preSolution
		HideSolutionNode = FALSE
	EndGlobalSection
	GlobalSection(MonoDevelopProperties) = preSolution
		StartupItem = Artemis_XNA_INDEPENDENT\Artemis.csproj
	EndGlobalSection
EndGlobal
