
Microsoft Visual Studio Solution File, Format Version 13.00
# Visual Studio 2012
Project("{FAE04EC0-301F-11D3-BF4B-00C04F79EFBC}") = "Artemis", "Artemis_XNA_INDEPENDENT\Artemis.csproj", "{22C89AF2-E1CF-4976-91B9-7D33773DC6E7}"
EndProject
Global
	GlobalSection(SolutionConfigurationPlatforms) = preSolution
		Debug|x86 = Debug|x86
		Release|x86 = Release|x86
	EndGlobalSection
	GlobalSection(ProjectConfigurationPlatforms) = postSolution
		{22C89AF2-E1CF-4976-91B9-7D33773DC6E7}.Debug|x86.ActiveCfg = Debug|Any CPU
		{22C89AF2-E1CF-4976-91B9-7D33773DC6E7}.Release|x86.ActiveCfg = Release|Any CPU
	EndGlobalSection
	GlobalSection(SolutionProperties) = preSolution
		HideSolutionNode = FALSE
	EndGlobalSection
	GlobalSection(MonoDevelopProperties) = preSolution
		StartupItem = Artemis.csproj
	EndGlobalSection
EndGlobal
