
Microsoft Visual Studio Solution File, Format Version 12.00
# Visual Studio 15
Project("{FAE04EC0-301F-11D3-BF4B-00C04F79EFBC}") = "Artemis", "Artemis\Artemis.csproj", "{95D5CE20-EEDC-41D3-BDA8-9C5A2C62ED4B}"
EndProject
Project("{FAE04EC0-301F-11D3-BF4B-00C04F79EFBC}") = "ArtemisTests", "ArtemisTests\ArtemisTests.csproj", "{E2C3D938-C02D-4975-AADA-55C206944E81}"
EndProject
Global
	GlobalSection(SolutionConfigurationPlatforms) = preSolution
		Debug|Any CPU = Debug|Any CPU
		Release|Any CPU = Release|Any CPU
	EndGlobalSection
	GlobalSection(ProjectConfigurationPlatforms) = postSolution
		{95D5CE20-EEDC-41D3-BDA8-9C5A2C62ED4B}.Debug|Any CPU.ActiveCfg = Debug|Any CPU
		{95D5CE20-EEDC-41D3-BDA8-9C5A2C62ED4B}.Debug|Any CPU.Build.0 = Debug|Any CPU
		{95D5CE20-EEDC-41D3-BDA8-9C5A2C62ED4B}.Release|Any CPU.ActiveCfg = Release|Any CPU
		{95D5CE20-EEDC-41D3-BDA8-9C5A2C62ED4B}.Release|Any CPU.Build.0 = Release|Any CPU
		{E2C3D938-C02D-4975-AADA-55C206944E81}.Debug|Any CPU.ActiveCfg = Debug|Any CPU
		{E2C3D938-C02D-4975-AADA-55C206944E81}.Debug|Any CPU.Build.0 = Debug|Any CPU
		{E2C3D938-C02D-4975-AADA-55C206944E81}.Release|Any CPU.ActiveCfg = Release|Any CPU
		{E2C3D938-C02D-4975-AADA-55C206944E81}.Release|Any CPU.Build.0 = Release|Any CPU
	EndGlobalSection
EndGlobal
