Microsoft Visual Studio Solution File, Format Version 11.00
# Visual Studio 2008

Project("{D34FA4D9-686A-AF90-ABE0-991520EA4C7D}") = "Artemis_Unity5ExampleProject", "Assembly-CSharp.csproj", "{1BE41A8B-855C-AB60-B879-15DB53B10A1D}"
EndProject
Global
	GlobalSection(SolutionConfigurationPlatforms) = preSolution
		Debug|Any CPU = Debug|Any CPU
		Release|Any CPU = Release|Any CPU
	EndGlobalSection
	GlobalSection(ProjectConfigurationPlatforms) = postSolution
		{1BE41A8B-855C-AB60-B879-15DB53B10A1D}.Debug|Any CPU.ActiveCfg = Debug|Any CPU
		{1BE41A8B-855C-AB60-B879-15DB53B10A1D}.Debug|Any CPU.Build.0 = Debug|Any CPU
		{1BE41A8B-855C-AB60-B879-15DB53B10A1D}.Release|Any CPU.ActiveCfg = Release|Any CPU
		{1BE41A8B-855C-AB60-B879-15DB53B10A1D}.Release|Any CPU.Build.0 = Release|Any CPU
	EndGlobalSection
	GlobalSection(SolutionProperties) = preSolution
		HideSolutionNode = FALSE
	EndGlobalSection
	GlobalSection(MonoDevelopProperties) = preSolution
		StartupItem = Assembly-CSharp.csproj
	EndGlobalSection
EndGlobal
