
Microsoft Visual Studio Solution File, Format Version 12.00
# Visual Studio 2010
Project("{FAE04EC0-301F-11D3-BF4B-00C04F79EFBC}") = "Artemis", "Artemis.csproj", "{22C89AF2-E1CF-4976-91B9-7D33773DC6E7}"
EndProject
Project("{FAE04EC0-301F-11D3-BF4B-00C04F79EFBC}") = "DevelopmentTests", "..\DevelopmentTests\DevelopmentTests.2010.csproj", "{6AE11027-F76D-4C74-B702-E59FEA973C79}"
EndProject
Global
	GlobalSection(SolutionConfigurationPlatforms) = preSolution
		Debug|Any CPU = Debug|Any CPU
		Debug|Mixed Platforms = Debug|Mixed Platforms
		Debug|x86 = Debug|x86
		Release|Any CPU = Release|Any CPU
		Release|Mixed Platforms = Release|Mixed Platforms
		Release|x86 = Release|x86
	EndGlobalSection
	GlobalSection(ProjectConfigurationPlatforms) = postSolution
		{22C89AF2-E1CF-4976-91B9-7D33773DC6E7}.Debug|Any CPU.ActiveCfg = Debug|x86
		{22C89AF2-E1CF-4976-91B9-7D33773DC6E7}.Debug|Mixed Platforms.ActiveCfg = Debug|x86
		{22C89AF2-E1CF-4976-91B9-7D33773DC6E7}.Debug|Mixed Platforms.Build.0 = Debug|x86
		{22C89AF2-E1CF-4976-91B9-7D33773DC6E7}.Debug|x86.ActiveCfg = Debug|x86
		{22C89AF2-E1CF-4976-91B9-7D33773DC6E7}.Debug|x86.Build.0 = Debug|x86
		{22C89AF2-E1CF-4976-91B9-7D33773DC6E7}.Release|Any CPU.ActiveCfg = Release|x86
		{22C89AF2-E1CF-4976-91B9-7D33773DC6E7}.Release|Mixed Platforms.ActiveCfg = Release|x86
		{22C89AF2-E1CF-4976-91B9-7D33773DC6E7}.Release|Mixed Platforms.Build.0 = Release|x86
		{22C89AF2-E1CF-4976-91B9-7D33773DC6E7}.Release|x86.ActiveCfg = Release|x86
		{22C89AF2-E1CF-4976-91B9-7D33773DC6E7}.Release|x86.Build.0 = Release|x86
		{6AE11027-F76D-4C74-B702-E59FEA973C79}.Debug|Any CPU.ActiveCfg = Debug|Any CPU
		{6AE11027-F76D-4C74-B702-E59FEA973C79}.Debug|Any CPU.Build.0 = Debug|Any CPU
		{6AE11027-F76D-4C74-B702-E59FEA973C79}.Debug|Mixed Platforms.ActiveCfg = Debug|Any CPU
		{6AE11027-F76D-4C74-B702-E59FEA973C79}.Debug|Mixed Platforms.Build.0 = Debug|Any CPU
		{6AE11027-F76D-4C74-B702-E59FEA973C79}.Debug|x86.ActiveCfg = Debug|Any CPU
		{6AE11027-F76D-4C74-B702-E59FEA973C79}.Release|Any CPU.ActiveCfg = Release|Any CPU
		{6AE11027-F76D-4C74-B702-E59FEA973C79}.Release|Any CPU.Build.0 = Release|Any CPU
		{6AE11027-F76D-4C74-B702-E59FEA973C79}.Release|Mixed Platforms.ActiveCfg = Release|Any CPU
		{6AE11027-F76D-4C74-B702-E59FEA973C79}.Release|Mixed Platforms.Build.0 = Release|Any CPU
		{6AE11027-F76D-4C74-B702-E59FEA973C79}.Release|x86.ActiveCfg = Release|Any CPU
	EndGlobalSection
	GlobalSection(SolutionProperties) = preSolution
		HideSolutionNode = FALSE
	EndGlobalSection
	GlobalSection(MonoDevelopProperties) = preSolution
		StartupItem = Artemis.csproj
	EndGlobalSection
EndGlobal
